{
  "nodes": {
    "ankiweb-cli": {
      "inputs": {
        "nixpkgs": [
          "nixpkgs"
        ]
      },
      "locked": {
        "lastModified": 1772289932,
        "narHash": "sha256-EhA4j1bIF0rXDT7CYg2R5P/xx4Lbl4dwQi4wmXae0Es=",
        "owner": "euank-ai",
        "repo": "ankiweb-cli",
        "rev": "92debaa57dbe53fc98bb8f0ffd534022a2325f36",
        "type": "github"
      },
      "original": {
        "owner": "euank-ai",
        "repo": "ankiweb-cli",
        "type": "github"
      }
    },
    "nixpkgs": {
      "locked": {
        "lastModified": 1772047000,
        "narHash": "sha256-7DaQVv4R97cii/Qdfy4tmDZMB2xxtyIvNGSwXBBhSmo=",
        "owner": "NixOS",
        "repo": "nixpkgs",
        "rev": "1267bb4920d0fc06ea916734c11b0bf004bbe17e",
        "type": "github"
      },
      "original": {
        "owner": "NixOS",
        "ref": "nixos-25.11",
        "repo": "nixpkgs",
        "type": "github"
      }
    },
    "root": {
      "inputs": {
        "ankiweb-cli": "ankiweb-cli",
        "nixpkgs": "nixpkgs",
        "sops-nix": "sops-nix"
      }
    },
    "sops-nix": {
      "inputs": {
        "nixpkgs": [
          "nixpkgs"
        ]
      },
      "locked": {
        "lastModified": 1772048434,
        "narHash": "sha256-/wA0OaH6kZ/pFA+nXR/tvg5oupOmEDmMS5us79JT60o=",
        "owner": "Mic92",
        "repo": "sops-nix",
        "rev": "334daa7c273dd8bf7a0cd370e4e16022b64e55e9",
        "type": "github"
      },
      "original": {
        "owner": "Mic92",
        "repo": "sops-nix",
        "type": "github"
      }
    }
  },
  "root": "root",
  "version": 7
}
